
Microsoft Visual Studio Solution File, Format Version 12.00
# Visual Studio Version 17
VisualStudioVersion = 17.4.33213.308
MinimumVisualStudioVersion = 10.0.40219.1
Project("{FAE04EC0-301F-11D3-BF4B-00C04F79EFBC}") = "angle_of_clock", "angle_of_clock\angle_of_clock.csproj", "{1FDD8E2C-6759-4FD9-A868-324B8DFB86A8}"
EndProject
Global
	GlobalSection(SolutionConfigurationPlatforms) = preSolution
		Debug|Any CPU = Debug|Any CPU
		Release|Any CPU = Release|Any CPU
	EndGlobalSection
	GlobalSection(ProjectConfigurationPlatforms) = postSolution
		{1FDD8E2C-6759-4FD9-A868-324B8DFB86A8}.Debug|Any CPU.ActiveCfg = Debug|Any CPU
		{1FDD8E2C-6759-4FD9-A868-324B8DFB86A8}.Debug|Any CPU.Build.0 = Debug|Any CPU
		{1FDD8E2C-6759-4FD9-A868-324B8DFB86A8}.Release|Any CPU.ActiveCfg = Release|Any CPU
		{1FDD8E2C-6759-4FD9-A868-324B8DFB86A8}.Release|Any CPU.Build.0 = Release|Any CPU
	EndGlobalSection
	GlobalSection(SolutionProperties) = preSolution
		HideSolutionNode = FALSE
	EndGlobalSection
	GlobalSection(ExtensibilityGlobals) = postSolution
		SolutionGuid = {582DAB4E-1BF0-47A4-8EAE-970DBBF0DEF1}
	EndGlobalSection
EndGlobal
